
Microsoft Visual Studio Solution File, Format Version 12.00
# Visual Studio Version 17
VisualStudioVersion = 17.14.36623.8 d17.14
MinimumVisualStudioVersion = 10.0.40219.1
Project("{FAE04EC0-301F-11D3-BF4B-00C04F79EFBC}") = "MironovaLab6Var14", "MironovaLab6Var14\MironovaLab6Var14.csproj", "{0004EC42-247E-4559-94FF-AC845D2C2765}"
EndProject
Global
	GlobalSection(SolutionConfigurationPlatforms) = preSolution
		Debug|Any CPU = Debug|Any CPU
		Release|Any CPU = Release|Any CPU
	EndGlobalSection
	GlobalSection(ProjectConfigurationPlatforms) = postSolution
		{0004EC42-247E-4559-94FF-AC845D2C2765}.Debug|Any CPU.ActiveCfg = Debug|Any CPU
		{0004EC42-247E-4559-94FF-AC845D2C2765}.Debug|Any CPU.Build.0 = Debug|Any CPU
		{0004EC42-247E-4559-94FF-AC845D2C2765}.Release|Any CPU.ActiveCfg = Release|Any CPU
		{0004EC42-247E-4559-94FF-AC845D2C2765}.Release|Any CPU.Build.0 = Release|Any CPU
	EndGlobalSection
	GlobalSection(SolutionProperties) = preSolution
		HideSolutionNode = FALSE
	EndGlobalSection
	GlobalSection(ExtensibilityGlobals) = postSolution
		SolutionGuid = {65F4A93C-81CB-46BB-B584-D3CDFC9002D4}
	EndGlobalSection
EndGlobal
