
Microsoft Visual Studio Solution File, Format Version 12.00
# Visual Studio Version 17
VisualStudioVersion = 17.14.36623.8 d17.14
MinimumVisualStudioVersion = 10.0.40219.1
Project("{FAE04EC0-301F-11D3-BF4B-00C04F79EFBC}") = "MironovaLab3Var14", "MironovaLab3Var14\MironovaLab3Var14.csproj", "{C9586CD9-C015-42F3-8C93-F51385038735}"
EndProject
Global
	GlobalSection(SolutionConfigurationPlatforms) = preSolution
		Debug|Any CPU = Debug|Any CPU
		Release|Any CPU = Release|Any CPU
	EndGlobalSection
	GlobalSection(ProjectConfigurationPlatforms) = postSolution
		{C9586CD9-C015-42F3-8C93-F51385038735}.Debug|Any CPU.ActiveCfg = Debug|Any CPU
		{C9586CD9-C015-42F3-8C93-F51385038735}.Debug|Any CPU.Build.0 = Debug|Any CPU
		{C9586CD9-C015-42F3-8C93-F51385038735}.Release|Any CPU.ActiveCfg = Release|Any CPU
		{C9586CD9-C015-42F3-8C93-F51385038735}.Release|Any CPU.Build.0 = Release|Any CPU
	EndGlobalSection
	GlobalSection(SolutionProperties) = preSolution
		HideSolutionNode = FALSE
	EndGlobalSection
	GlobalSection(ExtensibilityGlobals) = postSolution
		SolutionGuid = {30CC0236-8A5C-4BA1-BC63-AF4438011F98}
	EndGlobalSection
EndGlobal
